
Microsoft Visual Studio Solution File, Format Version 12.00
# Visual Studio Version 17
VisualStudioVersion = 17.0.32014.148
MinimumVisualStudioVersion = 10.0.40219.1
Project("{FAE04EC0-301F-11D3-BF4B-00C04F79EFBC}") = "ModBaseMaker", "ModBaseMaker.csproj", "{AB1DE50A-789F-4603-82BE-75E4594F14D4}"
EndProject
Global
	GlobalSection(SolutionConfigurationPlatforms) = preSolution
		Debug|Any CPU = Debug|Any CPU
		Release|Any CPU = Release|Any CPU
	EndGlobalSection
	GlobalSection(ProjectConfigurationPlatforms) = postSolution
		{AB1DE50A-789F-4603-82BE-75E4594F14D4}.Debug|Any CPU.ActiveCfg = Debug|Any CPU
		{AB1DE50A-789F-4603-82BE-75E4594F14D4}.Debug|Any CPU.Build.0 = Debug|Any CPU
		{AB1DE50A-789F-4603-82BE-75E4594F14D4}.Release|Any CPU.ActiveCfg = Release|Any CPU
		{AB1DE50A-789F-4603-82BE-75E4594F14D4}.Release|Any CPU.Build.0 = Release|Any CPU
	EndGlobalSection
	GlobalSection(SolutionProperties) = preSolution
		HideSolutionNode = FALSE
	EndGlobalSection
	GlobalSection(ExtensibilityGlobals) = postSolution
		SolutionGuid = {0DD5376D-274A-4CB3-9903-DBFF478961B3}
	EndGlobalSection
EndGlobal
